
Microsoft Visual Studio Solution File, Format Version 12.00
# Visual Studio Version 16
VisualStudioVersion = 16.0.36227.6
MinimumVisualStudioVersion = 10.0.40219.1
Project("{8BC9CEB8-8B4A-11D0-8D11-00A0C91BC942}") = "7z", "Format7z.vcxproj", "{B43B977C-9243-4D7B-8238-8DAB0338943F}"
EndProject
Global
	GlobalSection(SolutionConfigurationPlatforms) = preSolution
		Debug|x86 = Debug|x86
		Release|x86 = Release|x86
	EndGlobalSection
	GlobalSection(ProjectConfigurationPlatforms) = postSolution
		{B43B977C-9243-4D7B-8238-8DAB0338943F}.Debug|x86.ActiveCfg = Debug|Win32
		{B43B977C-9243-4D7B-8238-8DAB0338943F}.Debug|x86.Build.0 = Debug|Win32
		{B43B977C-9243-4D7B-8238-8DAB0338943F}.Release|x86.ActiveCfg = Release|Win32
		{B43B977C-9243-4D7B-8238-8DAB0338943F}.Release|x86.Build.0 = Release|Win32
	EndGlobalSection
	GlobalSection(SolutionProperties) = preSolution
		HideSolutionNode = FALSE
	EndGlobalSection
	GlobalSection(ExtensibilityGlobals) = postSolution
		SolutionGuid = {A874A62F-EFD6-4137-9E53-1BB3B00304A0}
	EndGlobalSection
EndGlobal
